
Microsoft Visual Studio Solution File, Format Version 12.00
Project("{FAE04EC0-301F-11D3-BF4B-00C04F79EFBC}") = "lw4", "lw4\lw4.csproj", "{AAE442B6-A353-4E12-A0DE-24563F4C653F}"
EndProject
Global
	GlobalSection(SolutionConfigurationPlatforms) = preSolution
		Debug|Any CPU = Debug|Any CPU
		Release|Any CPU = Release|Any CPU
	EndGlobalSection
	GlobalSection(ProjectConfigurationPlatforms) = postSolution
		{AAE442B6-A353-4E12-A0DE-24563F4C653F}.Debug|Any CPU.ActiveCfg = Debug|Any CPU
		{AAE442B6-A353-4E12-A0DE-24563F4C653F}.Debug|Any CPU.Build.0 = Debug|Any CPU
		{AAE442B6-A353-4E12-A0DE-24563F4C653F}.Release|Any CPU.ActiveCfg = Release|Any CPU
		{AAE442B6-A353-4E12-A0DE-24563F4C653F}.Release|Any CPU.Build.0 = Release|Any CPU
	EndGlobalSection
EndGlobal
